
Microsoft Visual Studio Solution File, Format Version 12.00
# Visual Studio Version 16
VisualStudioVersion = 16.0.31410.357
MinimumVisualStudioVersion = 10.0.40219.1
Project("{FAE04EC0-301F-11D3-BF4B-00C04F79EFBC}") = "Ejercicio.Vista", "EjercicioInstitucion\Ejercicio.Vista.csproj", "{C2709497-32AF-469E-875A-83113CFFCF4D}"
EndProject
Project("{FAE04EC0-301F-11D3-BF4B-00C04F79EFBC}") = "Ejercicio.Entidades", "Ejercicio.Entidades\Ejercicio.Entidades.csproj", "{377735C3-02E6-479D-AC23-477EC77EC74A}"
EndProject
Global
	GlobalSection(SolutionConfigurationPlatforms) = preSolution
		Debug|Any CPU = Debug|Any CPU
		Release|Any CPU = Release|Any CPU
	EndGlobalSection
	GlobalSection(ProjectConfigurationPlatforms) = postSolution
		{C2709497-32AF-469E-875A-83113CFFCF4D}.Debug|Any CPU.ActiveCfg = Debug|Any CPU
		{C2709497-32AF-469E-875A-83113CFFCF4D}.Debug|Any CPU.Build.0 = Debug|Any CPU
		{C2709497-32AF-469E-875A-83113CFFCF4D}.Release|Any CPU.ActiveCfg = Release|Any CPU
		{C2709497-32AF-469E-875A-83113CFFCF4D}.Release|Any CPU.Build.0 = Release|Any CPU
		{377735C3-02E6-479D-AC23-477EC77EC74A}.Debug|Any CPU.ActiveCfg = Debug|Any CPU
		{377735C3-02E6-479D-AC23-477EC77EC74A}.Debug|Any CPU.Build.0 = Debug|Any CPU
		{377735C3-02E6-479D-AC23-477EC77EC74A}.Release|Any CPU.ActiveCfg = Release|Any CPU
		{377735C3-02E6-479D-AC23-477EC77EC74A}.Release|Any CPU.Build.0 = Release|Any CPU
	EndGlobalSection
	GlobalSection(SolutionProperties) = preSolution
		HideSolutionNode = FALSE
	EndGlobalSection
	GlobalSection(ExtensibilityGlobals) = postSolution
		SolutionGuid = {C3426D6C-501A-4F7E-9703-13C6EDC9EE90}
	EndGlobalSection
EndGlobal
