
Microsoft Visual Studio Solution File, Format Version 12.00
# Visual Studio Version 16
VisualStudioVersion = 16.0.31410.357
MinimumVisualStudioVersion = 10.0.40219.1
Project("{9A19103F-16F7-4668-BE54-9A1E7A4F7556}") = "Torneo.Vista", "ConsoleApp1\Torneo.Vista.csproj", "{C46FE93F-3BC6-4FB6-87D2-1DEF47CCAC4B}"
EndProject
Project("{FAE04EC0-301F-11D3-BF4B-00C04F79EFBC}") = "Torneo.Entidades", "Torneo.Entidades\Torneo.Entidades.csproj", "{B02987C1-59F7-44F5-AE54-0B7DDDBA82C5}"
EndProject
Global
	GlobalSection(SolutionConfigurationPlatforms) = preSolution
		Debug|Any CPU = Debug|Any CPU
		Release|Any CPU = Release|Any CPU
	EndGlobalSection
	GlobalSection(ProjectConfigurationPlatforms) = postSolution
		{C46FE93F-3BC6-4FB6-87D2-1DEF47CCAC4B}.Debug|Any CPU.ActiveCfg = Debug|Any CPU
		{C46FE93F-3BC6-4FB6-87D2-1DEF47CCAC4B}.Debug|Any CPU.Build.0 = Debug|Any CPU
		{C46FE93F-3BC6-4FB6-87D2-1DEF47CCAC4B}.Release|Any CPU.ActiveCfg = Release|Any CPU
		{C46FE93F-3BC6-4FB6-87D2-1DEF47CCAC4B}.Release|Any CPU.Build.0 = Release|Any CPU
		{B02987C1-59F7-44F5-AE54-0B7DDDBA82C5}.Debug|Any CPU.ActiveCfg = Debug|Any CPU
		{B02987C1-59F7-44F5-AE54-0B7DDDBA82C5}.Debug|Any CPU.Build.0 = Debug|Any CPU
		{B02987C1-59F7-44F5-AE54-0B7DDDBA82C5}.Release|Any CPU.ActiveCfg = Release|Any CPU
		{B02987C1-59F7-44F5-AE54-0B7DDDBA82C5}.Release|Any CPU.Build.0 = Release|Any CPU
	EndGlobalSection
	GlobalSection(SolutionProperties) = preSolution
		HideSolutionNode = FALSE
	EndGlobalSection
	GlobalSection(ExtensibilityGlobals) = postSolution
		SolutionGuid = {6A85E0CD-57E4-4834-A9C6-66724BC0B2B1}
	EndGlobalSection
EndGlobal
